
Microsoft Visual Studio Solution File, Format Version 12.00
# Visual Studio Version 16
VisualStudioVersion = 16.0.30907.101
MinimumVisualStudioVersion = 10.0.40219.1
Project("{9A19103F-16F7-4668-BE54-9A1E7A4F7556}") = "Xbim.Common", "Xbim.Common\Xbim.Common.csproj", "{55863561-1D9C-441B-BDAB-DF4ADA37D0D4}"
EndProject
Project("{2150E333-8FDC-42A3-9474-1A3956D46DE8}") = "Solution Items", "Solution Items", "{26AEC029-026B-4C71-8150-FA422F1832E6}"
	ProjectSection(SolutionItems) = preProject
		.gitignore = .gitignore
		azure-pipelines.yml = azure-pipelines.yml
		CHANGELOG.md = CHANGELOG.md
		CONTRIBUTING.md = CONTRIBUTING.md
		Directory.Build.props = Directory.Build.props
		LICENCE.md = LICENCE.md
		README.md = README.md
		Xbim.Essentials.tmpl = Xbim.Essentials.tmpl
	EndProjectSection
EndProject
Project("{9A19103F-16F7-4668-BE54-9A1E7A4F7556}") = "Xbim.Ifc4", "Xbim.Ifc4\Xbim.Ifc4.csproj", "{25D42373-89A5-437D-925C-21510EF0EB62}"
EndProject
Project("{9A19103F-16F7-4668-BE54-9A1E7A4F7556}") = "Xbim.Ifc2x3", "Xbim.Ifc2x3\Xbim.Ifc2x3.csproj", "{05F75CEF-0DF5-4036-9D49-BDC6AE4695E0}"
EndProject
Project("{9A19103F-16F7-4668-BE54-9A1E7A4F7556}") = "Xbim.IO.MemoryModel", "Xbim.IO.MemoryModel\Xbim.IO.MemoryModel.csproj", "{C4495723-D35A-4A82-A5D6-03DB4A7BD49B}"
EndProject
Project("{9A19103F-16F7-4668-BE54-9A1E7A4F7556}") = "Xbim.Tessellator", "Xbim.Tessellator\Xbim.Tessellator.csproj", "{01BA76B8-C202-4127-8D01-372D2A330E09}"
EndProject
Project("{2150E333-8FDC-42A3-9474-1A3956D46DE8}") = "Tests", "Tests", "{35A99F6F-BC0B-463E-A746-8D2B594E4B6E}"
EndProject
Project("{9A19103F-16F7-4668-BE54-9A1E7A4F7556}") = "Xbim.IO.Esent", "Xbim.IO.Esent\Xbim.IO.Esent.csproj", "{1F7AB940-C6A8-4E5D-BB8D-0DDB099E094C}"
EndProject
Project("{9A19103F-16F7-4668-BE54-9A1E7A4F7556}") = "Xbim.Ifc", "Xbim.Ifc\Xbim.Ifc.csproj", "{A22B6FAB-FFC8-45E0-BEDE-D3A92289E866}"
EndProject
Project("{9A19103F-16F7-4668-BE54-9A1E7A4F7556}") = "Xbim.Essentials.Tests", "Tests\Xbim.Essentials.Tests.csproj", "{1257E711-50B6-4278-8563-0AB27A88580C}"
EndProject
Project("{9A19103F-16F7-4668-BE54-9A1E7A4F7556}") = "Xbim.Essentials.NetCore.Tests", "Xbim.Essentials.NetCore.Tests\Xbim.Essentials.NetCore.Tests.csproj", "{811CAF14-92CF-47C1-8556-147887BA29E0}"
EndProject
Project("{FAE04EC0-301F-11D3-BF4B-00C04F79EFBC}") = "Xbim.Ifc.UWP", "Xbim.Ifc.UWP\Xbim.Ifc.UWP.csproj", "{35D3E337-7780-4251-9537-606B29DA7F40}"
EndProject
Project("{FAE04EC0-301F-11D3-BF4B-00C04F79EFBC}") = "Xbim.Ifc4.UWP", "Xbim.Ifc4.UWP\Xbim.Ifc4.UWP.csproj", "{9D0F500E-7EBC-4394-B2CF-B7777500AC53}"
EndProject
Project("{FAE04EC0-301F-11D3-BF4B-00C04F79EFBC}") = "Xbim.Ifc2x3.UWP", "Xbim.Ifc2x3.UWP\Xbim.Ifc2x3.UWP.csproj", "{6CB19317-A92F-45B2-983C-1240B71CAEA6}"
EndProject
Project("{FAE04EC0-301F-11D3-BF4B-00C04F79EFBC}") = "Xbim.IO.MemoryModel.UWP", "Xbim.IO.MemoryModel.UWP\Xbim.IO.MemoryModel.UWP.csproj", "{6DCB2CF8-1B7A-44C8-9BE0-9F2EE0BA413D}"
EndProject
Project("{FAE04EC0-301F-11D3-BF4B-00C04F79EFBC}") = "Xbim.IO.Esent.UWP", "Xbim.IO.Esent.UWP\Xbim.IO.Esent.UWP.csproj", "{7FF98E32-6698-4995-ADDF-64E1FD45316B}"
EndProject
Project("{FAE04EC0-301F-11D3-BF4B-00C04F79EFBC}") = "Xbim.Common.UWP", "Xbim.Common.UWP\Xbim.Common.UWP.csproj", "{9A8D478A-30D9-4AED-84E7-93816BC687E7}"
EndProject
Project("{FAE04EC0-301F-11D3-BF4B-00C04F79EFBC}") = "Xbim.Tessellator.UWP", "Xbim.Tessellator.UWP\Xbim.Tessellator.UWP.csproj", "{0A6BEBC9-F387-41D4-94FA-0D09DFFBD8D2}"
EndProject
Global
	GlobalSection(SolutionConfigurationPlatforms) = preSolution
		Debug|Any CPU = Debug|Any CPU
		Debug|ARM = Debug|ARM
		Debug|ARM64 = Debug|ARM64
		Debug|x64 = Debug|x64
		Debug|x86 = Debug|x86
		Release|Any CPU = Release|Any CPU
		Release|ARM = Release|ARM
		Release|ARM64 = Release|ARM64
		Release|x64 = Release|x64
		Release|x86 = Release|x86
	EndGlobalSection
	GlobalSection(ProjectConfigurationPlatforms) = postSolution
		{55863561-1D9C-441B-BDAB-DF4ADA37D0D4}.Debug|Any CPU.ActiveCfg = Debug|Any CPU
		{55863561-1D9C-441B-BDAB-DF4ADA37D0D4}.Debug|Any CPU.Build.0 = Debug|Any CPU
		{55863561-1D9C-441B-BDAB-DF4ADA37D0D4}.Debug|ARM.ActiveCfg = Debug|Any CPU
		{55863561-1D9C-441B-BDAB-DF4ADA37D0D4}.Debug|ARM.Build.0 = Debug|Any CPU
		{55863561-1D9C-441B-BDAB-DF4ADA37D0D4}.Debug|ARM64.ActiveCfg = Debug|Any CPU
		{55863561-1D9C-441B-BDAB-DF4ADA37D0D4}.Debug|ARM64.Build.0 = Debug|Any CPU
		{55863561-1D9C-441B-BDAB-DF4ADA37D0D4}.Debug|x64.ActiveCfg = Debug|Any CPU
		{55863561-1D9C-441B-BDAB-DF4ADA37D0D4}.Debug|x64.Build.0 = Debug|Any CPU
		{55863561-1D9C-441B-BDAB-DF4ADA37D0D4}.Debug|x86.ActiveCfg = Debug|Any CPU
		{55863561-1D9C-441B-BDAB-DF4ADA37D0D4}.Debug|x86.Build.0 = Debug|Any CPU
		{55863561-1D9C-441B-BDAB-DF4ADA37D0D4}.Release|Any CPU.ActiveCfg = Release|Any CPU
		{55863561-1D9C-441B-BDAB-DF4ADA37D0D4}.Release|Any CPU.Build.0 = Release|Any CPU
		{55863561-1D9C-441B-BDAB-DF4ADA37D0D4}.Release|ARM.ActiveCfg = Release|Any CPU
		{55863561-1D9C-441B-BDAB-DF4ADA37D0D4}.Release|ARM.Build.0 = Release|Any CPU
		{55863561-1D9C-441B-BDAB-DF4ADA37D0D4}.Release|ARM64.ActiveCfg = Release|Any CPU
		{55863561-1D9C-441B-BDAB-DF4ADA37D0D4}.Release|ARM64.Build.0 = Release|Any CPU
		{55863561-1D9C-441B-BDAB-DF4ADA37D0D4}.Release|x64.ActiveCfg = Release|Any CPU
		{55863561-1D9C-441B-BDAB-DF4ADA37D0D4}.Release|x64.Build.0 = Release|Any CPU
		{55863561-1D9C-441B-BDAB-DF4ADA37D0D4}.Release|x86.ActiveCfg = Release|Any CPU
		{55863561-1D9C-441B-BDAB-DF4ADA37D0D4}.Release|x86.Build.0 = Release|Any CPU
		{25D42373-89A5-437D-925C-21510EF0EB62}.Debug|Any CPU.ActiveCfg = Debug|Any CPU
		{25D42373-89A5-437D-925C-21510EF0EB62}.Debug|Any CPU.Build.0 = Debug|Any CPU
		{25D42373-89A5-437D-925C-21510EF0EB62}.Debug|ARM.ActiveCfg = Debug|Any CPU
		{25D42373-89A5-437D-925C-21510EF0EB62}.Debug|ARM.Build.0 = Debug|Any CPU
		{25D42373-89A5-437D-925C-21510EF0EB62}.Debug|ARM64.ActiveCfg = Debug|Any CPU
		{25D42373-89A5-437D-925C-21510EF0EB62}.Debug|ARM64.Build.0 = Debug|Any CPU
		{25D42373-89A5-437D-925C-21510EF0EB62}.Debug|x64.ActiveCfg = Debug|Any CPU
		{25D42373-89A5-437D-925C-21510EF0EB62}.Debug|x64.Build.0 = Debug|Any CPU
		{25D42373-89A5-437D-925C-21510EF0EB62}.Debug|x86.ActiveCfg = Debug|Any CPU
		{25D42373-89A5-437D-925C-21510EF0EB62}.Debug|x86.Build.0 = Debug|Any CPU
		{25D42373-89A5-437D-925C-21510EF0EB62}.Release|Any CPU.ActiveCfg = Release|Any CPU
		{25D42373-89A5-437D-925C-21510EF0EB62}.Release|Any CPU.Build.0 = Release|Any CPU
		{25D42373-89A5-437D-925C-21510EF0EB62}.Release|ARM.ActiveCfg = Release|Any CPU
		{25D42373-89A5-437D-925C-21510EF0EB62}.Release|ARM.Build.0 = Release|Any CPU
		{25D42373-89A5-437D-925C-21510EF0EB62}.Release|ARM64.ActiveCfg = Release|Any CPU
		{25D42373-89A5-437D-925C-21510EF0EB62}.Release|ARM64.Build.0 = Release|Any CPU
		{25D42373-89A5-437D-925C-21510EF0EB62}.Release|x64.ActiveCfg = Release|Any CPU
		{25D42373-89A5-437D-925C-21510EF0EB62}.Release|x64.Build.0 = Release|Any CPU
		{25D42373-89A5-437D-925C-21510EF0EB62}.Release|x86.ActiveCfg = Release|Any CPU
		{25D42373-89A5-437D-925C-21510EF0EB62}.Release|x86.Build.0 = Release|Any CPU
		{05F75CEF-0DF5-4036-9D49-BDC6AE4695E0}.Debug|Any CPU.ActiveCfg = Debug|Any CPU
		{05F75CEF-0DF5-4036-9D49-BDC6AE4695E0}.Debug|Any CPU.Build.0 = Debug|Any CPU
		{05F75CEF-0DF5-4036-9D49-BDC6AE4695E0}.Debug|ARM.ActiveCfg = Debug|Any CPU
		{05F75CEF-0DF5-4036-9D49-BDC6AE4695E0}.Debug|ARM.Build.0 = Debug|Any CPU
		{05F75CEF-0DF5-4036-9D49-BDC6AE4695E0}.Debug|ARM64.ActiveCfg = Debug|Any CPU
		{05F75CEF-0DF5-4036-9D49-BDC6AE4695E0}.Debug|ARM64.Build.0 = Debug|Any CPU
		{05F75CEF-0DF5-4036-9D49-BDC6AE4695E0}.Debug|x64.ActiveCfg = Debug|Any CPU
		{05F75CEF-0DF5-4036-9D49-BDC6AE4695E0}.Debug|x64.Build.0 = Debug|Any CPU
		{05F75CEF-0DF5-4036-9D49-BDC6AE4695E0}.Debug|x86.ActiveCfg = Debug|Any CPU
		{05F75CEF-0DF5-4036-9D49-BDC6AE4695E0}.Debug|x86.Build.0 = Debug|Any CPU
		{05F75CEF-0DF5-4036-9D49-BDC6AE4695E0}.Release|Any CPU.ActiveCfg = Release|Any CPU
		{05F75CEF-0DF5-4036-9D49-BDC6AE4695E0}.Release|Any CPU.Build.0 = Release|Any CPU
		{05F75CEF-0DF5-4036-9D49-BDC6AE4695E0}.Release|ARM.ActiveCfg = Release|Any CPU
		{05F75CEF-0DF5-4036-9D49-BDC6AE4695E0}.Release|ARM.Build.0 = Release|Any CPU
		{05F75CEF-0DF5-4036-9D49-BDC6AE4695E0}.Release|ARM64.ActiveCfg = Release|Any CPU
		{05F75CEF-0DF5-4036-9D49-BDC6AE4695E0}.Release|ARM64.Build.0 = Release|Any CPU
		{05F75CEF-0DF5-4036-9D49-BDC6AE4695E0}.Release|x64.ActiveCfg = Release|Any CPU
		{05F75CEF-0DF5-4036-9D49-BDC6AE4695E0}.Release|x64.Build.0 = Release|Any CPU
		{05F75CEF-0DF5-4036-9D49-BDC6AE4695E0}.Release|x86.ActiveCfg = Release|Any CPU
		{05F75CEF-0DF5-4036-9D49-BDC6AE4695E0}.Release|x86.Build.0 = Release|Any CPU
		{C4495723-D35A-4A82-A5D6-03DB4A7BD49B}.Debug|Any CPU.ActiveCfg = Debug|Any CPU
		{C4495723-D35A-4A82-A5D6-03DB4A7BD49B}.Debug|Any CPU.Build.0 = Debug|Any CPU
		{C4495723-D35A-4A82-A5D6-03DB4A7BD49B}.Debug|ARM.ActiveCfg = Debug|Any CPU
		{C4495723-D35A-4A82-A5D6-03DB4A7BD49B}.Debug|ARM.Build.0 = Debug|Any CPU
		{C4495723-D35A-4A82-A5D6-03DB4A7BD49B}.Debug|ARM64.ActiveCfg = Debug|Any CPU
		{C4495723-D35A-4A82-A5D6-03DB4A7BD49B}.Debug|ARM64.Build.0 = Debug|Any CPU
		{C4495723-D35A-4A82-A5D6-03DB4A7BD49B}.Debug|x64.ActiveCfg = Debug|Any CPU
		{C4495723-D35A-4A82-A5D6-03DB4A7BD49B}.Debug|x64.Build.0 = Debug|Any CPU
		{C4495723-D35A-4A82-A5D6-03DB4A7BD49B}.Debug|x86.ActiveCfg = Debug|Any CPU
		{C4495723-D35A-4A82-A5D6-03DB4A7BD49B}.Debug|x86.Build.0 = Debug|Any CPU
		{C4495723-D35A-4A82-A5D6-03DB4A7BD49B}.Release|Any CPU.ActiveCfg = Release|Any CPU
		{C4495723-D35A-4A82-A5D6-03DB4A7BD49B}.Release|Any CPU.Build.0 = Release|Any CPU
		{C4495723-D35A-4A82-A5D6-03DB4A7BD49B}.Release|ARM.ActiveCfg = Release|Any CPU
		{C4495723-D35A-4A82-A5D6-03DB4A7BD49B}.Release|ARM.Build.0 = Release|Any CPU
		{C4495723-D35A-4A82-A5D6-03DB4A7BD49B}.Release|ARM64.ActiveCfg = Release|Any CPU
		{C4495723-D35A-4A82-A5D6-03DB4A7BD49B}.Release|ARM64.Build.0 = Release|Any CPU
		{C4495723-D35A-4A82-A5D6-03DB4A7BD49B}.Release|x64.ActiveCfg = Release|Any CPU
		{C4495723-D35A-4A82-A5D6-03DB4A7BD49B}.Release|x64.Build.0 = Release|Any CPU
		{C4495723-D35A-4A82-A5D6-03DB4A7BD49B}.Release|x86.ActiveCfg = Release|Any CPU
		{C4495723-D35A-4A82-A5D6-03DB4A7BD49B}.Release|x86.Build.0 = Release|Any CPU
		{01BA76B8-C202-4127-8D01-372D2A330E09}.Debug|Any CPU.ActiveCfg = Debug|Any CPU
		{01BA76B8-C202-4127-8D01-372D2A330E09}.Debug|Any CPU.Build.0 = Debug|Any CPU
		{01BA76B8-C202-4127-8D01-372D2A330E09}.Debug|ARM.ActiveCfg = Debug|Any CPU
		{01BA76B8-C202-4127-8D01-372D2A330E09}.Debug|ARM.Build.0 = Debug|Any CPU
		{01BA76B8-C202-4127-8D01-372D2A330E09}.Debug|ARM64.ActiveCfg = Debug|Any CPU
		{01BA76B8-C202-4127-8D01-372D2A330E09}.Debug|ARM64.Build.0 = Debug|Any CPU
		{01BA76B8-C202-4127-8D01-372D2A330E09}.Debug|x64.ActiveCfg = Debug|Any CPU
		{01BA76B8-C202-4127-8D01-372D2A330E09}.Debug|x64.Build.0 = Debug|Any CPU
		{01BA76B8-C202-4127-8D01-372D2A330E09}.Debug|x86.ActiveCfg = Debug|Any CPU
		{01BA76B8-C202-4127-8D01-372D2A330E09}.Debug|x86.Build.0 = Debug|Any CPU
		{01BA76B8-C202-4127-8D01-372D2A330E09}.Release|Any CPU.ActiveCfg = Release|Any CPU
		{01BA76B8-C202-4127-8D01-372D2A330E09}.Release|Any CPU.Build.0 = Release|Any CPU
		{01BA76B8-C202-4127-8D01-372D2A330E09}.Release|ARM.ActiveCfg = Release|Any CPU
		{01BA76B8-C202-4127-8D01-372D2A330E09}.Release|ARM.Build.0 = Release|Any CPU
		{01BA76B8-C202-4127-8D01-372D2A330E09}.Release|ARM64.ActiveCfg = Release|Any CPU
		{01BA76B8-C202-4127-8D01-372D2A330E09}.Release|ARM64.Build.0 = Release|Any CPU
		{01BA76B8-C202-4127-8D01-372D2A330E09}.Release|x64.ActiveCfg = Release|Any CPU
		{01BA76B8-C202-4127-8D01-372D2A330E09}.Release|x64.Build.0 = Release|Any CPU
		{01BA76B8-C202-4127-8D01-372D2A330E09}.Release|x86.ActiveCfg = Release|Any CPU
		{01BA76B8-C202-4127-8D01-372D2A330E09}.Release|x86.Build.0 = Release|Any CPU
		{1F7AB940-C6A8-4E5D-BB8D-0DDB099E094C}.Debug|Any CPU.ActiveCfg = Debug|Any CPU
		{1F7AB940-C6A8-4E5D-BB8D-0DDB099E094C}.Debug|Any CPU.Build.0 = Debug|Any CPU
		{1F7AB940-C6A8-4E5D-BB8D-0DDB099E094C}.Debug|ARM.ActiveCfg = Debug|Any CPU
		{1F7AB940-C6A8-4E5D-BB8D-0DDB099E094C}.Debug|ARM.Build.0 = Debug|Any CPU
		{1F7AB940-C6A8-4E5D-BB8D-0DDB099E094C}.Debug|ARM64.ActiveCfg = Debug|Any CPU
		{1F7AB940-C6A8-4E5D-BB8D-0DDB099E094C}.Debug|ARM64.Build.0 = Debug|Any CPU
		{1F7AB940-C6A8-4E5D-BB8D-0DDB099E094C}.Debug|x64.ActiveCfg = Debug|Any CPU
		{1F7AB940-C6A8-4E5D-BB8D-0DDB099E094C}.Debug|x64.Build.0 = Debug|Any CPU
		{1F7AB940-C6A8-4E5D-BB8D-0DDB099E094C}.Debug|x86.ActiveCfg = Debug|Any CPU
		{1F7AB940-C6A8-4E5D-BB8D-0DDB099E094C}.Debug|x86.Build.0 = Debug|Any CPU
		{1F7AB940-C6A8-4E5D-BB8D-0DDB099E094C}.Release|Any CPU.ActiveCfg = Release|Any CPU
		{1F7AB940-C6A8-4E5D-BB8D-0DDB099E094C}.Release|Any CPU.Build.0 = Release|Any CPU
		{1F7AB940-C6A8-4E5D-BB8D-0DDB099E094C}.Release|ARM.ActiveCfg = Release|Any CPU
		{1F7AB940-C6A8-4E5D-BB8D-0DDB099E094C}.Release|ARM.Build.0 = Release|Any CPU
		{1F7AB940-C6A8-4E5D-BB8D-0DDB099E094C}.Release|ARM64.ActiveCfg = Release|Any CPU
		{1F7AB940-C6A8-4E5D-BB8D-0DDB099E094C}.Release|ARM64.Build.0 = Release|Any CPU
		{1F7AB940-C6A8-4E5D-BB8D-0DDB099E094C}.Release|x64.ActiveCfg = Release|Any CPU
		{1F7AB940-C6A8-4E5D-BB8D-0DDB099E094C}.Release|x64.Build.0 = Release|Any CPU
		{1F7AB940-C6A8-4E5D-BB8D-0DDB099E094C}.Release|x86.ActiveCfg = Release|Any CPU
		{1F7AB940-C6A8-4E5D-BB8D-0DDB099E094C}.Release|x86.Build.0 = Release|Any CPU
		{A22B6FAB-FFC8-45E0-BEDE-D3A92289E866}.Debug|Any CPU.ActiveCfg = Debug|Any CPU
		{A22B6FAB-FFC8-45E0-BEDE-D3A92289E866}.Debug|Any CPU.Build.0 = Debug|Any CPU
		{A22B6FAB-FFC8-45E0-BEDE-D3A92289E866}.Debug|ARM.ActiveCfg = Debug|Any CPU
		{A22B6FAB-FFC8-45E0-BEDE-D3A92289E866}.Debug|ARM.Build.0 = Debug|Any CPU
		{A22B6FAB-FFC8-45E0-BEDE-D3A92289E866}.Debug|ARM64.ActiveCfg = Debug|Any CPU
		{A22B6FAB-FFC8-45E0-BEDE-D3A92289E866}.Debug|ARM64.Build.0 = Debug|Any CPU
		{A22B6FAB-FFC8-45E0-BEDE-D3A92289E866}.Debug|x64.ActiveCfg = Debug|Any CPU
		{A22B6FAB-FFC8-45E0-BEDE-D3A92289E866}.Debug|x64.Build.0 = Debug|Any CPU
		{A22B6FAB-FFC8-45E0-BEDE-D3A92289E866}.Debug|x86.ActiveCfg = Debug|Any CPU
		{A22B6FAB-FFC8-45E0-BEDE-D3A92289E866}.Debug|x86.Build.0 = Debug|Any CPU
		{A22B6FAB-FFC8-45E0-BEDE-D3A92289E866}.Release|Any CPU.ActiveCfg = Release|Any CPU
		{A22B6FAB-FFC8-45E0-BEDE-D3A92289E866}.Release|Any CPU.Build.0 = Release|Any CPU
		{A22B6FAB-FFC8-45E0-BEDE-D3A92289E866}.Release|ARM.ActiveCfg = Release|Any CPU
		{A22B6FAB-FFC8-45E0-BEDE-D3A92289E866}.Release|ARM.Build.0 = Release|Any CPU
		{A22B6FAB-FFC8-45E0-BEDE-D3A92289E866}.Release|ARM64.ActiveCfg = Release|Any CPU
		{A22B6FAB-FFC8-45E0-BEDE-D3A92289E866}.Release|ARM64.Build.0 = Release|Any CPU
		{A22B6FAB-FFC8-45E0-BEDE-D3A92289E866}.Release|x64.ActiveCfg = Release|Any CPU
		{A22B6FAB-FFC8-45E0-BEDE-D3A92289E866}.Release|x64.Build.0 = Release|Any CPU
		{A22B6FAB-FFC8-45E0-BEDE-D3A92289E866}.Release|x86.ActiveCfg = Release|Any CPU
		{A22B6FAB-FFC8-45E0-BEDE-D3A92289E866}.Release|x86.Build.0 = Release|Any CPU
		{1257E711-50B6-4278-8563-0AB27A88580C}.Debug|Any CPU.ActiveCfg = Debug|Any CPU
		{1257E711-50B6-4278-8563-0AB27A88580C}.Debug|Any CPU.Build.0 = Debug|Any CPU
		{1257E711-50B6-4278-8563-0AB27A88580C}.Debug|ARM.ActiveCfg = Debug|Any CPU
		{1257E711-50B6-4278-8563-0AB27A88580C}.Debug|ARM.Build.0 = Debug|Any CPU
		{1257E711-50B6-4278-8563-0AB27A88580C}.Debug|ARM64.ActiveCfg = Debug|Any CPU
		{1257E711-50B6-4278-8563-0AB27A88580C}.Debug|ARM64.Build.0 = Debug|Any CPU
		{1257E711-50B6-4278-8563-0AB27A88580C}.Debug|x64.ActiveCfg = Debug|Any CPU
		{1257E711-50B6-4278-8563-0AB27A88580C}.Debug|x64.Build.0 = Debug|Any CPU
		{1257E711-50B6-4278-8563-0AB27A88580C}.Debug|x86.ActiveCfg = Debug|Any CPU
		{1257E711-50B6-4278-8563-0AB27A88580C}.Debug|x86.Build.0 = Debug|Any CPU
		{1257E711-50B6-4278-8563-0AB27A88580C}.Release|Any CPU.ActiveCfg = Release|Any CPU
		{1257E711-50B6-4278-8563-0AB27A88580C}.Release|Any CPU.Build.0 = Release|Any CPU
		{1257E711-50B6-4278-8563-0AB27A88580C}.Release|ARM.ActiveCfg = Release|Any CPU
		{1257E711-50B6-4278-8563-0AB27A88580C}.Release|ARM.Build.0 = Release|Any CPU
		{1257E711-50B6-4278-8563-0AB27A88580C}.Release|ARM64.ActiveCfg = Release|Any CPU
		{1257E711-50B6-4278-8563-0AB27A88580C}.Release|ARM64.Build.0 = Release|Any CPU
		{1257E711-50B6-4278-8563-0AB27A88580C}.Release|x64.ActiveCfg = Release|Any CPU
		{1257E711-50B6-4278-8563-0AB27A88580C}.Release|x64.Build.0 = Release|Any CPU
		{1257E711-50B6-4278-8563-0AB27A88580C}.Release|x86.ActiveCfg = Release|Any CPU
		{1257E711-50B6-4278-8563-0AB27A88580C}.Release|x86.Build.0 = Release|Any CPU
		{811CAF14-92CF-47C1-8556-147887BA29E0}.Debug|Any CPU.ActiveCfg = Debug|Any CPU
		{811CAF14-92CF-47C1-8556-147887BA29E0}.Debug|Any CPU.Build.0 = Debug|Any CPU
		{811CAF14-92CF-47C1-8556-147887BA29E0}.Debug|ARM.ActiveCfg = Debug|Any CPU
		{811CAF14-92CF-47C1-8556-147887BA29E0}.Debug|ARM.Build.0 = Debug|Any CPU
		{811CAF14-92CF-47C1-8556-147887BA29E0}.Debug|ARM64.ActiveCfg = Debug|Any CPU
		{811CAF14-92CF-47C1-8556-147887BA29E0}.Debug|ARM64.Build.0 = Debug|Any CPU
		{811CAF14-92CF-47C1-8556-147887BA29E0}.Debug|x64.ActiveCfg = Debug|Any CPU
		{811CAF14-92CF-47C1-8556-147887BA29E0}.Debug|x64.Build.0 = Debug|Any CPU
		{811CAF14-92CF-47C1-8556-147887BA29E0}.Debug|x86.ActiveCfg = Debug|Any CPU
		{811CAF14-92CF-47C1-8556-147887BA29E0}.Debug|x86.Build.0 = Debug|Any CPU
		{811CAF14-92CF-47C1-8556-147887BA29E0}.Release|Any CPU.ActiveCfg = Release|Any CPU
		{811CAF14-92CF-47C1-8556-147887BA29E0}.Release|Any CPU.Build.0 = Release|Any CPU
		{811CAF14-92CF-47C1-8556-147887BA29E0}.Release|ARM.ActiveCfg = Release|Any CPU
		{811CAF14-92CF-47C1-8556-147887BA29E0}.Release|ARM.Build.0 = Release|Any CPU
		{811CAF14-92CF-47C1-8556-147887BA29E0}.Release|ARM64.ActiveCfg = Release|Any CPU
		{811CAF14-92CF-47C1-8556-147887BA29E0}.Release|ARM64.Build.0 = Release|Any CPU
		{811CAF14-92CF-47C1-8556-147887BA29E0}.Release|x64.ActiveCfg = Release|Any CPU
		{811CAF14-92CF-47C1-8556-147887BA29E0}.Release|x64.Build.0 = Release|Any CPU
		{811CAF14-92CF-47C1-8556-147887BA29E0}.Release|x86.ActiveCfg = Release|Any CPU
		{811CAF14-92CF-47C1-8556-147887BA29E0}.Release|x86.Build.0 = Release|Any CPU
		{35D3E337-7780-4251-9537-606B29DA7F40}.Debug|Any CPU.ActiveCfg = Debug|Any CPU
		{35D3E337-7780-4251-9537-606B29DA7F40}.Debug|Any CPU.Build.0 = Debug|Any CPU
		{35D3E337-7780-4251-9537-606B29DA7F40}.Debug|ARM.ActiveCfg = Debug|ARM
		{35D3E337-7780-4251-9537-606B29DA7F40}.Debug|ARM.Build.0 = Debug|ARM
		{35D3E337-7780-4251-9537-606B29DA7F40}.Debug|ARM64.ActiveCfg = Debug|ARM64
		{35D3E337-7780-4251-9537-606B29DA7F40}.Debug|ARM64.Build.0 = Debug|ARM64
		{35D3E337-7780-4251-9537-606B29DA7F40}.Debug|x64.ActiveCfg = Debug|x64
		{35D3E337-7780-4251-9537-606B29DA7F40}.Debug|x64.Build.0 = Debug|x64
		{35D3E337-7780-4251-9537-606B29DA7F40}.Debug|x86.ActiveCfg = Debug|x86
		{35D3E337-7780-4251-9537-606B29DA7F40}.Debug|x86.Build.0 = Debug|x86
		{35D3E337-7780-4251-9537-606B29DA7F40}.Release|Any CPU.ActiveCfg = Release|Any CPU
		{35D3E337-7780-4251-9537-606B29DA7F40}.Release|Any CPU.Build.0 = Release|Any CPU
		{35D3E337-7780-4251-9537-606B29DA7F40}.Release|ARM.ActiveCfg = Release|ARM
		{35D3E337-7780-4251-9537-606B29DA7F40}.Release|ARM.Build.0 = Release|ARM
		{35D3E337-7780-4251-9537-606B29DA7F40}.Release|ARM64.ActiveCfg = Release|ARM64
		{35D3E337-7780-4251-9537-606B29DA7F40}.Release|ARM64.Build.0 = Release|ARM64
		{35D3E337-7780-4251-9537-606B29DA7F40}.Release|x64.ActiveCfg = Release|x64
		{35D3E337-7780-4251-9537-606B29DA7F40}.Release|x64.Build.0 = Release|x64
		{35D3E337-7780-4251-9537-606B29DA7F40}.Release|x86.ActiveCfg = Release|x86
		{35D3E337-7780-4251-9537-606B29DA7F40}.Release|x86.Build.0 = Release|x86
		{9D0F500E-7EBC-4394-B2CF-B7777500AC53}.Debug|Any CPU.ActiveCfg = Debug|Any CPU
		{9D0F500E-7EBC-4394-B2CF-B7777500AC53}.Debug|Any CPU.Build.0 = Debug|Any CPU
		{9D0F500E-7EBC-4394-B2CF-B7777500AC53}.Debug|ARM.ActiveCfg = Debug|ARM
		{9D0F500E-7EBC-4394-B2CF-B7777500AC53}.Debug|ARM.Build.0 = Debug|ARM
		{9D0F500E-7EBC-4394-B2CF-B7777500AC53}.Debug|ARM64.ActiveCfg = Debug|ARM64
		{9D0F500E-7EBC-4394-B2CF-B7777500AC53}.Debug|ARM64.Build.0 = Debug|ARM64
		{9D0F500E-7EBC-4394-B2CF-B7777500AC53}.Debug|x64.ActiveCfg = Debug|x64
		{9D0F500E-7EBC-4394-B2CF-B7777500AC53}.Debug|x64.Build.0 = Debug|x64
		{9D0F500E-7EBC-4394-B2CF-B7777500AC53}.Debug|x86.ActiveCfg = Debug|x86
		{9D0F500E-7EBC-4394-B2CF-B7777500AC53}.Debug|x86.Build.0 = Debug|x86
		{9D0F500E-7EBC-4394-B2CF-B7777500AC53}.Release|Any CPU.ActiveCfg = Release|Any CPU
		{9D0F500E-7EBC-4394-B2CF-B7777500AC53}.Release|Any CPU.Build.0 = Release|Any CPU
		{9D0F500E-7EBC-4394-B2CF-B7777500AC53}.Release|ARM.ActiveCfg = Release|ARM
		{9D0F500E-7EBC-4394-B2CF-B7777500AC53}.Release|ARM.Build.0 = Release|ARM
		{9D0F500E-7EBC-4394-B2CF-B7777500AC53}.Release|ARM64.ActiveCfg = Release|ARM64
		{9D0F500E-7EBC-4394-B2CF-B7777500AC53}.Release|ARM64.Build.0 = Release|ARM64
		{9D0F500E-7EBC-4394-B2CF-B7777500AC53}.Release|x64.ActiveCfg = Release|x64
		{9D0F500E-7EBC-4394-B2CF-B7777500AC53}.Release|x64.Build.0 = Release|x64
		{9D0F500E-7EBC-4394-B2CF-B7777500AC53}.Release|x86.ActiveCfg = Release|x86
		{9D0F500E-7EBC-4394-B2CF-B7777500AC53}.Release|x86.Build.0 = Release|x86
		{6CB19317-A92F-45B2-983C-1240B71CAEA6}.Debug|Any CPU.ActiveCfg = Debug|Any CPU
		{6CB19317-A92F-45B2-983C-1240B71CAEA6}.Debug|Any CPU.Build.0 = Debug|Any CPU
		{6CB19317-A92F-45B2-983C-1240B71CAEA6}.Debug|ARM.ActiveCfg = Debug|ARM
		{6CB19317-A92F-45B2-983C-1240B71CAEA6}.Debug|ARM.Build.0 = Debug|ARM
		{6CB19317-A92F-45B2-983C-1240B71CAEA6}.Debug|ARM64.ActiveCfg = Debug|ARM64
		{6CB19317-A92F-45B2-983C-1240B71CAEA6}.Debug|ARM64.Build.0 = Debug|ARM64
		{6CB19317-A92F-45B2-983C-1240B71CAEA6}.Debug|x64.ActiveCfg = Debug|x64
		{6CB19317-A92F-45B2-983C-1240B71CAEA6}.Debug|x64.Build.0 = Debug|x64
		{6CB19317-A92F-45B2-983C-1240B71CAEA6}.Debug|x86.ActiveCfg = Debug|x86
		{6CB19317-A92F-45B2-983C-1240B71CAEA6}.Debug|x86.Build.0 = Debug|x86
		{6CB19317-A92F-45B2-983C-1240B71CAEA6}.Release|Any CPU.ActiveCfg = Release|Any CPU
		{6CB19317-A92F-45B2-983C-1240B71CAEA6}.Release|Any CPU.Build.0 = Release|Any CPU
		{6CB19317-A92F-45B2-983C-1240B71CAEA6}.Release|ARM.ActiveCfg = Release|ARM
		{6CB19317-A92F-45B2-983C-1240B71CAEA6}.Release|ARM.Build.0 = Release|ARM
		{6CB19317-A92F-45B2-983C-1240B71CAEA6}.Release|ARM64.ActiveCfg = Release|ARM64
		{6CB19317-A92F-45B2-983C-1240B71CAEA6}.Release|ARM64.Build.0 = Release|ARM64
		{6CB19317-A92F-45B2-983C-1240B71CAEA6}.Release|x64.ActiveCfg = Release|x64
		{6CB19317-A92F-45B2-983C-1240B71CAEA6}.Release|x64.Build.0 = Release|x64
		{6CB19317-A92F-45B2-983C-1240B71CAEA6}.Release|x86.ActiveCfg = Release|x86
		{6CB19317-A92F-45B2-983C-1240B71CAEA6}.Release|x86.Build.0 = Release|x86
		{6DCB2CF8-1B7A-44C8-9BE0-9F2EE0BA413D}.Debug|Any CPU.ActiveCfg = Debug|Any CPU
		{6DCB2CF8-1B7A-44C8-9BE0-9F2EE0BA413D}.Debug|Any CPU.Build.0 = Debug|Any CPU
		{6DCB2CF8-1B7A-44C8-9BE0-9F2EE0BA413D}.Debug|ARM.ActiveCfg = Debug|ARM
		{6DCB2CF8-1B7A-44C8-9BE0-9F2EE0BA413D}.Debug|ARM.Build.0 = Debug|ARM
		{6DCB2CF8-1B7A-44C8-9BE0-9F2EE0BA413D}.Debug|ARM64.ActiveCfg = Debug|ARM64
		{6DCB2CF8-1B7A-44C8-9BE0-9F2EE0BA413D}.Debug|ARM64.Build.0 = Debug|ARM64
		{6DCB2CF8-1B7A-44C8-9BE0-9F2EE0BA413D}.Debug|x64.ActiveCfg = Debug|x64
		{6DCB2CF8-1B7A-44C8-9BE0-9F2EE0BA413D}.Debug|x64.Build.0 = Debug|x64
		{6DCB2CF8-1B7A-44C8-9BE0-9F2EE0BA413D}.Debug|x86.ActiveCfg = Debug|x86
		{6DCB2CF8-1B7A-44C8-9BE0-9F2EE0BA413D}.Debug|x86.Build.0 = Debug|x86
		{6DCB2CF8-1B7A-44C8-9BE0-9F2EE0BA413D}.Release|Any CPU.ActiveCfg = Release|Any CPU
		{6DCB2CF8-1B7A-44C8-9BE0-9F2EE0BA413D}.Release|Any CPU.Build.0 = Release|Any CPU
		{6DCB2CF8-1B7A-44C8-9BE0-9F2EE0BA413D}.Release|ARM.ActiveCfg = Release|ARM
		{6DCB2CF8-1B7A-44C8-9BE0-9F2EE0BA413D}.Release|ARM.Build.0 = Release|ARM
		{6DCB2CF8-1B7A-44C8-9BE0-9F2EE0BA413D}.Release|ARM64.ActiveCfg = Release|ARM64
		{6DCB2CF8-1B7A-44C8-9BE0-9F2EE0BA413D}.Release|ARM64.Build.0 = Release|ARM64
		{6DCB2CF8-1B7A-44C8-9BE0-9F2EE0BA413D}.Release|x64.ActiveCfg = Release|x64
		{6DCB2CF8-1B7A-44C8-9BE0-9F2EE0BA413D}.Release|x64.Build.0 = Release|x64
		{6DCB2CF8-1B7A-44C8-9BE0-9F2EE0BA413D}.Release|x86.ActiveCfg = Release|x86
		{6DCB2CF8-1B7A-44C8-9BE0-9F2EE0BA413D}.Release|x86.Build.0 = Release|x86
		{7FF98E32-6698-4995-ADDF-64E1FD45316B}.Debug|Any CPU.ActiveCfg = Debug|Any CPU
		{7FF98E32-6698-4995-ADDF-64E1FD45316B}.Debug|Any CPU.Build.0 = Debug|Any CPU
		{7FF98E32-6698-4995-ADDF-64E1FD45316B}.Debug|ARM.ActiveCfg = Debug|ARM
		{7FF98E32-6698-4995-ADDF-64E1FD45316B}.Debug|ARM.Build.0 = Debug|ARM
		{7FF98E32-6698-4995-ADDF-64E1FD45316B}.Debug|ARM64.ActiveCfg = Debug|ARM64
		{7FF98E32-6698-4995-ADDF-64E1FD45316B}.Debug|ARM64.Build.0 = Debug|ARM64
		{7FF98E32-6698-4995-ADDF-64E1FD45316B}.Debug|x64.ActiveCfg = Debug|x64
		{7FF98E32-6698-4995-ADDF-64E1FD45316B}.Debug|x64.Build.0 = Debug|x64
		{7FF98E32-6698-4995-ADDF-64E1FD45316B}.Debug|x86.ActiveCfg = Debug|x86
		{7FF98E32-6698-4995-ADDF-64E1FD45316B}.Debug|x86.Build.0 = Debug|x86
		{7FF98E32-6698-4995-ADDF-64E1FD45316B}.Release|Any CPU.ActiveCfg = Release|Any CPU
		{7FF98E32-6698-4995-ADDF-64E1FD45316B}.Release|Any CPU.Build.0 = Release|Any CPU
		{7FF98E32-6698-4995-ADDF-64E1FD45316B}.Release|ARM.ActiveCfg = Release|ARM
		{7FF98E32-6698-4995-ADDF-64E1FD45316B}.Release|ARM.Build.0 = Release|ARM
		{7FF98E32-6698-4995-ADDF-64E1FD45316B}.Release|ARM64.ActiveCfg = Release|ARM64
		{7FF98E32-6698-4995-ADDF-64E1FD45316B}.Release|ARM64.Build.0 = Release|ARM64
		{7FF98E32-6698-4995-ADDF-64E1FD45316B}.Release|x64.ActiveCfg = Release|x64
		{7FF98E32-6698-4995-ADDF-64E1FD45316B}.Release|x64.Build.0 = Release|x64
		{7FF98E32-6698-4995-ADDF-64E1FD45316B}.Release|x86.ActiveCfg = Release|x86
		{7FF98E32-6698-4995-ADDF-64E1FD45316B}.Release|x86.Build.0 = Release|x86
		{9A8D478A-30D9-4AED-84E7-93816BC687E7}.Debug|Any CPU.ActiveCfg = Debug|Any CPU
		{9A8D478A-30D9-4AED-84E7-93816BC687E7}.Debug|Any CPU.Build.0 = Debug|Any CPU
		{9A8D478A-30D9-4AED-84E7-93816BC687E7}.Debug|ARM.ActiveCfg = Debug|ARM
		{9A8D478A-30D9-4AED-84E7-93816BC687E7}.Debug|ARM.Build.0 = Debug|ARM
		{9A8D478A-30D9-4AED-84E7-93816BC687E7}.Debug|ARM64.ActiveCfg = Debug|ARM64
		{9A8D478A-30D9-4AED-84E7-93816BC687E7}.Debug|ARM64.Build.0 = Debug|ARM64
		{9A8D478A-30D9-4AED-84E7-93816BC687E7}.Debug|x64.ActiveCfg = Debug|x64
		{9A8D478A-30D9-4AED-84E7-93816BC687E7}.Debug|x64.Build.0 = Debug|x64
		{9A8D478A-30D9-4AED-84E7-93816BC687E7}.Debug|x86.ActiveCfg = Debug|x86
		{9A8D478A-30D9-4AED-84E7-93816BC687E7}.Debug|x86.Build.0 = Debug|x86
		{9A8D478A-30D9-4AED-84E7-93816BC687E7}.Release|Any CPU.ActiveCfg = Release|Any CPU
		{9A8D478A-30D9-4AED-84E7-93816BC687E7}.Release|Any CPU.Build.0 = Release|Any CPU
		{9A8D478A-30D9-4AED-84E7-93816BC687E7}.Release|ARM.ActiveCfg = Release|ARM
		{9A8D478A-30D9-4AED-84E7-93816BC687E7}.Release|ARM.Build.0 = Release|ARM
		{9A8D478A-30D9-4AED-84E7-93816BC687E7}.Release|ARM64.ActiveCfg = Release|ARM64
		{9A8D478A-30D9-4AED-84E7-93816BC687E7}.Release|ARM64.Build.0 = Release|ARM64
		{9A8D478A-30D9-4AED-84E7-93816BC687E7}.Release|x64.ActiveCfg = Release|x64
		{9A8D478A-30D9-4AED-84E7-93816BC687E7}.Release|x64.Build.0 = Release|x64
		{9A8D478A-30D9-4AED-84E7-93816BC687E7}.Release|x86.ActiveCfg = Release|x86
		{9A8D478A-30D9-4AED-84E7-93816BC687E7}.Release|x86.Build.0 = Release|x86
		{0A6BEBC9-F387-41D4-94FA-0D09DFFBD8D2}.Debug|Any CPU.ActiveCfg = Debug|Any CPU
		{0A6BEBC9-F387-41D4-94FA-0D09DFFBD8D2}.Debug|Any CPU.Build.0 = Debug|Any CPU
		{0A6BEBC9-F387-41D4-94FA-0D09DFFBD8D2}.Debug|ARM.ActiveCfg = Debug|ARM
		{0A6BEBC9-F387-41D4-94FA-0D09DFFBD8D2}.Debug|ARM.Build.0 = Debug|ARM
		{0A6BEBC9-F387-41D4-94FA-0D09DFFBD8D2}.Debug|ARM64.ActiveCfg = Debug|ARM64
		{0A6BEBC9-F387-41D4-94FA-0D09DFFBD8D2}.Debug|ARM64.Build.0 = Debug|ARM64
		{0A6BEBC9-F387-41D4-94FA-0D09DFFBD8D2}.Debug|x64.ActiveCfg = Debug|x64
		{0A6BEBC9-F387-41D4-94FA-0D09DFFBD8D2}.Debug|x64.Build.0 = Debug|x64
		{0A6BEBC9-F387-41D4-94FA-0D09DFFBD8D2}.Debug|x86.ActiveCfg = Debug|x86
		{0A6BEBC9-F387-41D4-94FA-0D09DFFBD8D2}.Debug|x86.Build.0 = Debug|x86
		{0A6BEBC9-F387-41D4-94FA-0D09DFFBD8D2}.Release|Any CPU.ActiveCfg = Release|Any CPU
		{0A6BEBC9-F387-41D4-94FA-0D09DFFBD8D2}.Release|Any CPU.Build.0 = Release|Any CPU
		{0A6BEBC9-F387-41D4-94FA-0D09DFFBD8D2}.Release|ARM.ActiveCfg = Release|ARM
		{0A6BEBC9-F387-41D4-94FA-0D09DFFBD8D2}.Release|ARM.Build.0 = Release|ARM
		{0A6BEBC9-F387-41D4-94FA-0D09DFFBD8D2}.Release|ARM64.ActiveCfg = Release|ARM64
		{0A6BEBC9-F387-41D4-94FA-0D09DFFBD8D2}.Release|ARM64.Build.0 = Release|ARM64
		{0A6BEBC9-F387-41D4-94FA-0D09DFFBD8D2}.Release|x64.ActiveCfg = Release|x64
		{0A6BEBC9-F387-41D4-94FA-0D09DFFBD8D2}.Release|x64.Build.0 = Release|x64
		{0A6BEBC9-F387-41D4-94FA-0D09DFFBD8D2}.Release|x86.ActiveCfg = Release|x86
		{0A6BEBC9-F387-41D4-94FA-0D09DFFBD8D2}.Release|x86.Build.0 = Release|x86
	EndGlobalSection
	GlobalSection(SolutionProperties) = preSolution
		HideSolutionNode = FALSE
	EndGlobalSection
	GlobalSection(NestedProjects) = preSolution
		{1257E711-50B6-4278-8563-0AB27A88580C} = {35A99F6F-BC0B-463E-A746-8D2B594E4B6E}
		{811CAF14-92CF-47C1-8556-147887BA29E0} = {35A99F6F-BC0B-463E-A746-8D2B594E4B6E}
	EndGlobalSection
	GlobalSection(ExtensibilityGlobals) = postSolution
		SolutionGuid = {4D828DE3-18FA-405F-9EDE-04A79DF310D0}
	EndGlobalSection
EndGlobal
